
Microsoft Visual Studio Solution File, Format Version 12.00
# Visual Studio 2013
VisualStudioVersion = 12.0.30723.0
MinimumVisualStudioVersion = 10.0.40219.1
Project("{FAE04EC0-301F-11D3-BF4B-00C04F79EFBC}") = "Client", "Client\Client.csproj", "{588B5988-AB32-468C-8538-05C87096BDB3}"
	ProjectSection(ProjectDependencies) = postProject
		{1431416C-9E2D-4990-A7A7-E0A83F577991} = {1431416C-9E2D-4990-A7A7-E0A83F577991}
	EndProjectSection
EndProject
Project("{FAE04EC0-301F-11D3-BF4B-00C04F79EFBC}") = "WcfService", "WcfService\WcfService.csproj", "{1431416C-9E2D-4990-A7A7-E0A83F577991}"
EndProject
Global
	GlobalSection(SolutionConfigurationPlatforms) = preSolution
		Debug|Any CPU = Debug|Any CPU
		Release|Any CPU = Release|Any CPU
	EndGlobalSection
	GlobalSection(ProjectConfigurationPlatforms) = postSolution
		{588B5988-AB32-468C-8538-05C87096BDB3}.Debug|Any CPU.ActiveCfg = Debug|Any CPU
		{588B5988-AB32-468C-8538-05C87096BDB3}.Debug|Any CPU.Build.0 = Debug|Any CPU
		{588B5988-AB32-468C-8538-05C87096BDB3}.Release|Any CPU.ActiveCfg = Release|Any CPU
		{588B5988-AB32-468C-8538-05C87096BDB3}.Release|Any CPU.Build.0 = Release|Any CPU
		{1431416C-9E2D-4990-A7A7-E0A83F577991}.Debug|Any CPU.ActiveCfg = Debug|Any CPU
		{1431416C-9E2D-4990-A7A7-E0A83F577991}.Debug|Any CPU.Build.0 = Debug|Any CPU
		{1431416C-9E2D-4990-A7A7-E0A83F577991}.Release|Any CPU.ActiveCfg = Release|Any CPU
		{1431416C-9E2D-4990-A7A7-E0A83F577991}.Release|Any CPU.Build.0 = Release|Any CPU
	EndGlobalSection
	GlobalSection(SolutionProperties) = preSolution
		HideSolutionNode = FALSE
	EndGlobalSection
EndGlobal
